
Microsoft Visual Studio Solution File, Format Version 12.00
# Visual Studio Version 16
VisualStudioVersion = 16.0.31205.134
MinimumVisualStudioVersion = 10.0.40219.1
Project("{FAE04EC0-301F-11D3-BF4B-00C04F79EFBC}") = "DIO - Jogo - RPG", "DIO - Jogo - RPG\DIO - Jogo - RPG.csproj", "{B884BCB1-F77A-4D9E-A66A-DB3538B62B13}"
EndProject
Global
	GlobalSection(SolutionConfigurationPlatforms) = preSolution
		Debug|Any CPU = Debug|Any CPU
		Release|Any CPU = Release|Any CPU
	EndGlobalSection
	GlobalSection(ProjectConfigurationPlatforms) = postSolution
		{B884BCB1-F77A-4D9E-A66A-DB3538B62B13}.Debug|Any CPU.ActiveCfg = Debug|Any CPU
		{B884BCB1-F77A-4D9E-A66A-DB3538B62B13}.Debug|Any CPU.Build.0 = Debug|Any CPU
		{B884BCB1-F77A-4D9E-A66A-DB3538B62B13}.Release|Any CPU.ActiveCfg = Release|Any CPU
		{B884BCB1-F77A-4D9E-A66A-DB3538B62B13}.Release|Any CPU.Build.0 = Release|Any CPU
	EndGlobalSection
	GlobalSection(SolutionProperties) = preSolution
		HideSolutionNode = FALSE
	EndGlobalSection
	GlobalSection(ExtensibilityGlobals) = postSolution
		SolutionGuid = {7A05F33A-3B28-4701-BF6F-B1BFE15B535A}
	EndGlobalSection
EndGlobal
